
Microsoft Visual Studio Solution File, Format Version 12.00
# Visual Studio 2012
Project("{2150E333-8FDC-42A3-9474-1A3956D46DE8}") = "Solution Items", "Solution Items", "{313B21A9-DB80-4C98-9688-DA7060AB8146}"
	ProjectSection(SolutionItems) = preProject
		WebChat.Client\WebChat.Client.csproj = WebChat.Client\WebChat.Client.csproj
	EndProjectSection
EndProject
Project("{FAE04EC0-301F-11D3-BF4B-00C04F79EFBC}") = "WebChat.Client", "WebChat.Client\WebChat.Client.csproj", "{D25D015E-E3D8-4D58-A29A-8D16F040D758}"
EndProject
Global
	GlobalSection(SolutionConfigurationPlatforms) = preSolution
		Debug|Any CPU = Debug|Any CPU
		Release|Any CPU = Release|Any CPU
	EndGlobalSection
	GlobalSection(ProjectConfigurationPlatforms) = postSolution
		{D25D015E-E3D8-4D58-A29A-8D16F040D758}.Debug|Any CPU.ActiveCfg = Debug|Any CPU
		{D25D015E-E3D8-4D58-A29A-8D16F040D758}.Debug|Any CPU.Build.0 = Debug|Any CPU
		{D25D015E-E3D8-4D58-A29A-8D16F040D758}.Release|Any CPU.ActiveCfg = Release|Any CPU
		{D25D015E-E3D8-4D58-A29A-8D16F040D758}.Release|Any CPU.Build.0 = Release|Any CPU
	EndGlobalSection
	GlobalSection(SolutionProperties) = preSolution
		HideSolutionNode = FALSE
	EndGlobalSection
EndGlobal
